
Microsoft Visual Studio Solution File, Format Version 12.00
# Visual Studio Version 16
VisualStudioVersion = 16.0.30717.126
MinimumVisualStudioVersion = 10.0.40219.1
Project("{FAE04EC0-301F-11D3-BF4B-00C04F79EFBC}") = "LW_10", "LW_10.csproj", "{24568A41-88AB-4466-815B-D95F1C5FEC15}"
EndProject
Project("{FAE04EC0-301F-11D3-BF4B-00C04F79EFBC}") = "MatrixLib", "MatrixLib\MatrixLib.csproj", "{C9C2F433-F730-49E7-8B33-C73378175A2B}"
EndProject
Global
	GlobalSection(SolutionConfigurationPlatforms) = preSolution
		Debug|Any CPU = Debug|Any CPU
		Release|Any CPU = Release|Any CPU
	EndGlobalSection
	GlobalSection(ProjectConfigurationPlatforms) = postSolution
		{24568A41-88AB-4466-815B-D95F1C5FEC15}.Debug|Any CPU.ActiveCfg = Debug|Any CPU
		{24568A41-88AB-4466-815B-D95F1C5FEC15}.Debug|Any CPU.Build.0 = Debug|Any CPU
		{24568A41-88AB-4466-815B-D95F1C5FEC15}.Release|Any CPU.ActiveCfg = Release|Any CPU
		{24568A41-88AB-4466-815B-D95F1C5FEC15}.Release|Any CPU.Build.0 = Release|Any CPU
		{C9C2F433-F730-49E7-8B33-C73378175A2B}.Debug|Any CPU.ActiveCfg = Debug|Any CPU
		{C9C2F433-F730-49E7-8B33-C73378175A2B}.Debug|Any CPU.Build.0 = Debug|Any CPU
		{C9C2F433-F730-49E7-8B33-C73378175A2B}.Release|Any CPU.ActiveCfg = Release|Any CPU
		{C9C2F433-F730-49E7-8B33-C73378175A2B}.Release|Any CPU.Build.0 = Release|Any CPU
	EndGlobalSection
	GlobalSection(SolutionProperties) = preSolution
		HideSolutionNode = FALSE
	EndGlobalSection
	GlobalSection(ExtensibilityGlobals) = postSolution
		SolutionGuid = {CF51759A-6760-4769-887B-298A45CF6CA6}
	EndGlobalSection
EndGlobal
