
Microsoft Visual Studio Solution File, Format Version 12.00
# Visual Studio Version 16
VisualStudioVersion = 16.0.30717.126
MinimumVisualStudioVersion = 10.0.40219.1
Project("{FAE04EC0-301F-11D3-BF4B-00C04F79EFBC}") = "LW_6", "LW_6.csproj", "{DA330A37-247B-4425-874C-46CD867D3C43}"
EndProject
Global
	GlobalSection(SolutionConfigurationPlatforms) = preSolution
		Debug|Any CPU = Debug|Any CPU
		Release|Any CPU = Release|Any CPU
	EndGlobalSection
	GlobalSection(ProjectConfigurationPlatforms) = postSolution
		{DA330A37-247B-4425-874C-46CD867D3C43}.Debug|Any CPU.ActiveCfg = Debug|Any CPU
		{DA330A37-247B-4425-874C-46CD867D3C43}.Debug|Any CPU.Build.0 = Debug|Any CPU
		{DA330A37-247B-4425-874C-46CD867D3C43}.Release|Any CPU.ActiveCfg = Release|Any CPU
		{DA330A37-247B-4425-874C-46CD867D3C43}.Release|Any CPU.Build.0 = Release|Any CPU
	EndGlobalSection
	GlobalSection(SolutionProperties) = preSolution
		HideSolutionNode = FALSE
	EndGlobalSection
	GlobalSection(ExtensibilityGlobals) = postSolution
		SolutionGuid = {0C79E4B2-BE6B-4796-A186-D2F7E70F5269}
	EndGlobalSection
EndGlobal
